
Microsoft Visual Studio Solution File, Format Version 12.00
# Visual Studio Version 17
VisualStudioVersion = 17.11.35327.3
MinimumVisualStudioVersion = 10.0.40219.1
Project("{FAE04EC0-301F-11D3-BF4B-00C04F79EFBC}") = "Lab_3", "Lab_3.csproj", "{37D86A1A-41FA-4F9F-A677-0D6B3F81F1CE}"
EndProject
Global
	GlobalSection(SolutionConfigurationPlatforms) = preSolution
		Debug|Any CPU = Debug|Any CPU
		Release|Any CPU = Release|Any CPU
	EndGlobalSection
	GlobalSection(ProjectConfigurationPlatforms) = postSolution
		{37D86A1A-41FA-4F9F-A677-0D6B3F81F1CE}.Debug|Any CPU.ActiveCfg = Debug|Any CPU
		{37D86A1A-41FA-4F9F-A677-0D6B3F81F1CE}.Debug|Any CPU.Build.0 = Debug|Any CPU
		{37D86A1A-41FA-4F9F-A677-0D6B3F81F1CE}.Release|Any CPU.ActiveCfg = Release|Any CPU
		{37D86A1A-41FA-4F9F-A677-0D6B3F81F1CE}.Release|Any CPU.Build.0 = Release|Any CPU
	EndGlobalSection
	GlobalSection(SolutionProperties) = preSolution
		HideSolutionNode = FALSE
	EndGlobalSection
	GlobalSection(ExtensibilityGlobals) = postSolution
		SolutionGuid = {8AA56F9E-C8EE-4690-BBA1-38681CEE7E5A}
	EndGlobalSection
EndGlobal
